
Microsoft Visual Studio Solution File, Format Version 12.00
# Visual Studio Version 17
VisualStudioVersion = 17.13.35931.197 d17.13
MinimumVisualStudioVersion = 10.0.40219.1
Project("{FAE04EC0-301F-11D3-BF4B-00C04F79EFBC}") = "VentaMayorista", "VentaMayorista.csproj", "{74CE429C-502B-4EDC-B09F-23445496B1D6}"
EndProject
Global
	GlobalSection(SolutionConfigurationPlatforms) = preSolution
		Debug|Any CPU = Debug|Any CPU
		Release|Any CPU = Release|Any CPU
	EndGlobalSection
	GlobalSection(ProjectConfigurationPlatforms) = postSolution
		{74CE429C-502B-4EDC-B09F-23445496B1D6}.Debug|Any CPU.ActiveCfg = Debug|Any CPU
		{74CE429C-502B-4EDC-B09F-23445496B1D6}.Debug|Any CPU.Build.0 = Debug|Any CPU
		{74CE429C-502B-4EDC-B09F-23445496B1D6}.Release|Any CPU.ActiveCfg = Release|Any CPU
		{74CE429C-502B-4EDC-B09F-23445496B1D6}.Release|Any CPU.Build.0 = Release|Any CPU
	EndGlobalSection
	GlobalSection(SolutionProperties) = preSolution
		HideSolutionNode = FALSE
	EndGlobalSection
	GlobalSection(ExtensibilityGlobals) = postSolution
		SolutionGuid = {3657B2A2-9BD0-4562-8CB7-CB75D4FE1DD5}
	EndGlobalSection
EndGlobal
